<Solution>
  <Folder Name="/src/">
    <Project Path="src/EcoBilling.Control.Api/EcoBilling.Control.Api.csproj" />
    <Project Path="src/EcoBilling.Control.Application/EcoBilling.Control.Application.csproj" />
    <Project Path="src/EcoBilling.Control.Domain/EcoBilling.Control.Domain.csproj" />
    <Project Path="src/EcoBilling.Control.Infrastructure/EcoBilling.Control.Infrastructure.csproj" />
    <Project Path="src/EcoBilling.Control.Provisioning/EcoBilling.Control.Provisioning.csproj" />
  </Folder>
  <Folder Name="/tests/">
    <Project Path="tests/EcoBilling.Control.ArchitectureTests/EcoBilling.Control.ArchitectureTests.csproj" />
    <Project Path="tests/EcoBilling.Control.EndToEndTests/EcoBilling.Control.EndToEndTests.csproj" />
    <Project Path="tests/EcoBilling.Control.IntegrationTests/EcoBilling.Control.IntegrationTests.csproj" />
    <Project Path="tests/EcoBilling.Control.UnitTests/EcoBilling.Control.UnitTests.csproj" />
  </Folder>
</Solution>
